
Microsoft Visual Studio Solution File, Format Version 12.00
# Visual Studio Version 17
VisualStudioVersion = 17.7.34202.233
MinimumVisualStudioVersion = 10.0.40219.1
Project("{FAE04EC0-301F-11D3-BF4B-00C04F79EFBC}") = "UP_7", "UP_7\UP_7.csproj", "{15DD2441-54CE-4431-9B53-AB51DAA3B9A7}"
EndProject
Global
	GlobalSection(SolutionConfigurationPlatforms) = preSolution
		Debug|Any CPU = Debug|Any CPU
		Release|Any CPU = Release|Any CPU
	EndGlobalSection
	GlobalSection(ProjectConfigurationPlatforms) = postSolution
		{15DD2441-54CE-4431-9B53-AB51DAA3B9A7}.Debug|Any CPU.ActiveCfg = Debug|Any CPU
		{15DD2441-54CE-4431-9B53-AB51DAA3B9A7}.Debug|Any CPU.Build.0 = Debug|Any CPU
		{15DD2441-54CE-4431-9B53-AB51DAA3B9A7}.Release|Any CPU.ActiveCfg = Release|Any CPU
		{15DD2441-54CE-4431-9B53-AB51DAA3B9A7}.Release|Any CPU.Build.0 = Release|Any CPU
	EndGlobalSection
	GlobalSection(SolutionProperties) = preSolution
		HideSolutionNode = FALSE
	EndGlobalSection
	GlobalSection(ExtensibilityGlobals) = postSolution
		SolutionGuid = {5801595F-FC72-4E5E-88A2-125C5434F0C8}
	EndGlobalSection
EndGlobal
